{
  "requires": true,
  "lockfileVersion": 1,
  "dependencies": {
    "influx": {
      "version": "5.5.1",
      "resolved": "https://registry.npmjs.org/influx/-/influx-5.5.1.tgz",
      "integrity": "sha512-06kWkvKZzdk7ONBi+MydTTVcpziIfzIKcTUqXpK0Uc0KoSVye0umQYDwDPJvMJtBjiS6L2eadXI7YsnNvOxbQw=="
    },
    "nodes7": {
      "version": "0.3.10",
      "resolved": "https://registry.npmjs.org/nodes7/-/nodes7-0.3.10.tgz",
      "integrity": "sha512-L1fiyWiJ9MVUaFrX3n3SDRgm7ir0uQ+dLvrAIfyAJQH9WKgHQ1NxSVjcO6MJJFmHqJxbtUtfF8g94/b2xt8IuQ=="
    }
  }
}
